
Microsoft Visual Studio Solution File, Format Version 12.00
# Visual Studio 2012
Project("{FAE04EC0-301F-11D3-BF4B-00C04F79EFBC}") = "WCFService", "WCFService\WCFService.csproj", "{EF297E0C-DB94-40A4-8AF4-E66A8CC3E76D}"
EndProject
Project("{FAE04EC0-301F-11D3-BF4B-00C04F79EFBC}") = "WCFServiceTest", "WCFServiceTest\WCFServiceTest.csproj", "{D9ACEEDA-2428-4CC5-ADB0-FC5466159175}"
EndProject
Global
	GlobalSection(SolutionConfigurationPlatforms) = preSolution
		Debug|Any CPU = Debug|Any CPU
		Release|Any CPU = Release|Any CPU
	EndGlobalSection
	GlobalSection(ProjectConfigurationPlatforms) = postSolution
		{EF297E0C-DB94-40A4-8AF4-E66A8CC3E76D}.Debug|Any CPU.ActiveCfg = Debug|Any CPU
		{EF297E0C-DB94-40A4-8AF4-E66A8CC3E76D}.Debug|Any CPU.Build.0 = Debug|Any CPU
		{EF297E0C-DB94-40A4-8AF4-E66A8CC3E76D}.Release|Any CPU.ActiveCfg = Release|Any CPU
		{EF297E0C-DB94-40A4-8AF4-E66A8CC3E76D}.Release|Any CPU.Build.0 = Release|Any CPU
		{D9ACEEDA-2428-4CC5-ADB0-FC5466159175}.Debug|Any CPU.ActiveCfg = Debug|Any CPU
		{D9ACEEDA-2428-4CC5-ADB0-FC5466159175}.Debug|Any CPU.Build.0 = Debug|Any CPU
		{D9ACEEDA-2428-4CC5-ADB0-FC5466159175}.Release|Any CPU.ActiveCfg = Release|Any CPU
		{D9ACEEDA-2428-4CC5-ADB0-FC5466159175}.Release|Any CPU.Build.0 = Release|Any CPU
	EndGlobalSection
	GlobalSection(SolutionProperties) = preSolution
		HideSolutionNode = FALSE
	EndGlobalSection
EndGlobal
